
Microsoft Visual Studio Solution File, Format Version 12.00
# Visual Studio Version 16
VisualStudioVersion = 16.0.31112.23
MinimumVisualStudioVersion = 10.0.40219.1
Project("{9A19103F-16F7-4668-BE54-9A1E7A4F7556}") = "HelloPractice", "HelloPractice\HelloPractice.csproj", "{D6DB3B79-6A29-4177-A036-69564D7535AE}"
EndProject
Project("{9A19103F-16F7-4668-BE54-9A1E7A4F7556}") = "HelloPracticeTests", "HelloPracticeTests\HelloPracticeTests.csproj", "{E91D53FA-C1EF-4625-98A1-886E41C5F57E}"
EndProject
Global
	GlobalSection(SolutionConfigurationPlatforms) = preSolution
		Debug|Any CPU = Debug|Any CPU
		Release|Any CPU = Release|Any CPU
	EndGlobalSection
	GlobalSection(ProjectConfigurationPlatforms) = postSolution
		{D6DB3B79-6A29-4177-A036-69564D7535AE}.Debug|Any CPU.ActiveCfg = Debug|Any CPU
		{D6DB3B79-6A29-4177-A036-69564D7535AE}.Debug|Any CPU.Build.0 = Debug|Any CPU
		{D6DB3B79-6A29-4177-A036-69564D7535AE}.Release|Any CPU.ActiveCfg = Release|Any CPU
		{D6DB3B79-6A29-4177-A036-69564D7535AE}.Release|Any CPU.Build.0 = Release|Any CPU
		{E91D53FA-C1EF-4625-98A1-886E41C5F57E}.Debug|Any CPU.ActiveCfg = Debug|Any CPU
		{E91D53FA-C1EF-4625-98A1-886E41C5F57E}.Debug|Any CPU.Build.0 = Debug|Any CPU
		{E91D53FA-C1EF-4625-98A1-886E41C5F57E}.Release|Any CPU.ActiveCfg = Release|Any CPU
		{E91D53FA-C1EF-4625-98A1-886E41C5F57E}.Release|Any CPU.Build.0 = Release|Any CPU
	EndGlobalSection
	GlobalSection(SolutionProperties) = preSolution
		HideSolutionNode = FALSE
	EndGlobalSection
	GlobalSection(ExtensibilityGlobals) = postSolution
		SolutionGuid = {6DB2FCE6-C6DA-4ECA-BAD3-86D113318C88}
	EndGlobalSection
EndGlobal
