
Microsoft Visual Studio Solution File, Format Version 12.00
# Visual Studio Version 16
VisualStudioVersion = 16.0.31112.23
MinimumVisualStudioVersion = 10.0.40219.1
Project("{FAE04EC0-301F-11D3-BF4B-00C04F79EFBC}") = "FormApplicationPractice", "FormApplicationPractice.csproj", "{FFC154AD-6179-47BB-9CCC-D83757ACACC2}"
EndProject
Global
	GlobalSection(SolutionConfigurationPlatforms) = preSolution
		Debug|Any CPU = Debug|Any CPU
		Release|Any CPU = Release|Any CPU
	EndGlobalSection
	GlobalSection(ProjectConfigurationPlatforms) = postSolution
		{FFC154AD-6179-47BB-9CCC-D83757ACACC2}.Debug|Any CPU.ActiveCfg = Debug|Any CPU
		{FFC154AD-6179-47BB-9CCC-D83757ACACC2}.Debug|Any CPU.Build.0 = Debug|Any CPU
		{FFC154AD-6179-47BB-9CCC-D83757ACACC2}.Release|Any CPU.ActiveCfg = Release|Any CPU
		{FFC154AD-6179-47BB-9CCC-D83757ACACC2}.Release|Any CPU.Build.0 = Release|Any CPU
	EndGlobalSection
	GlobalSection(SolutionProperties) = preSolution
		HideSolutionNode = FALSE
	EndGlobalSection
	GlobalSection(ExtensibilityGlobals) = postSolution
		SolutionGuid = {966475BF-302E-4384-92A4-F74B524721FB}
	EndGlobalSection
EndGlobal
