
Microsoft Visual Studio Solution File, Format Version 12.00
# Visual Studio Version 16
VisualStudioVersion = 16.0.31112.23
MinimumVisualStudioVersion = 10.0.40219.1
Project("{FAE04EC0-301F-11D3-BF4B-00C04F79EFBC}") = "HangmanConsoleSelf", "HangmanConsoleSelf\HangmanConsoleSelf.csproj", "{84BF4FBB-4783-4C0F-A010-DE3C82C36576}"
EndProject
Project("{FAE04EC0-301F-11D3-BF4B-00C04F79EFBC}") = "HangmanConsoleSelf_TEST", "HangmanConsoleSelf_TEST\HangmanConsoleSelf_TEST.csproj", "{33842795-2440-4016-B80F-8FD86D76573E}"
EndProject
Global
	GlobalSection(SolutionConfigurationPlatforms) = preSolution
		Debug|Any CPU = Debug|Any CPU
		Release|Any CPU = Release|Any CPU
	EndGlobalSection
	GlobalSection(ProjectConfigurationPlatforms) = postSolution
		{84BF4FBB-4783-4C0F-A010-DE3C82C36576}.Debug|Any CPU.ActiveCfg = Debug|Any CPU
		{84BF4FBB-4783-4C0F-A010-DE3C82C36576}.Debug|Any CPU.Build.0 = Debug|Any CPU
		{84BF4FBB-4783-4C0F-A010-DE3C82C36576}.Release|Any CPU.ActiveCfg = Release|Any CPU
		{84BF4FBB-4783-4C0F-A010-DE3C82C36576}.Release|Any CPU.Build.0 = Release|Any CPU
		{33842795-2440-4016-B80F-8FD86D76573E}.Debug|Any CPU.ActiveCfg = Debug|Any CPU
		{33842795-2440-4016-B80F-8FD86D76573E}.Debug|Any CPU.Build.0 = Debug|Any CPU
		{33842795-2440-4016-B80F-8FD86D76573E}.Release|Any CPU.ActiveCfg = Release|Any CPU
		{33842795-2440-4016-B80F-8FD86D76573E}.Release|Any CPU.Build.0 = Release|Any CPU
	EndGlobalSection
	GlobalSection(SolutionProperties) = preSolution
		HideSolutionNode = FALSE
	EndGlobalSection
	GlobalSection(ExtensibilityGlobals) = postSolution
		SolutionGuid = {515829D4-EA5D-497D-A2B9-A7EFC1B230CD}
	EndGlobalSection
EndGlobal
